
Microsoft Visual Studio Solution File, Format Version 12.00
# Visual Studio Version 17
VisualStudioVersion = 17.0.31903.59
MinimumVisualStudioVersion = 10.0.40219.1
Project("{2150E333-8FDC-42A3-9474-1A3956D46DE8}") = "src", "src", "{827E0CD3-B72D-47B6-A68D-7590B98EB39B}"
EndProject
Project("{FAE04EC0-301F-11D3-BF4B-00C04F79EFBC}") = "Application", "src\Application\Application.csproj", "{D5BEB0CD-FF02-40C4-862A-0B02743D252E}"
EndProject
Project("{FAE04EC0-301F-11D3-BF4B-00C04F79EFBC}") = "Domain", "src\Domain\Domain.csproj", "{60893EAB-C6ED-4D5F-A6F4-5C81F44BED2E}"
EndProject
Project("{FAE04EC0-301F-11D3-BF4B-00C04F79EFBC}") = "Infrastructure", "src\Infrastructure\Infrastructure.csproj", "{A59F2763-2151-4959-B164-7CB1F2374491}"
EndProject
Project("{FAE04EC0-301F-11D3-BF4B-00C04F79EFBC}") = "WebAPI", "src\WebAPI\WebAPI.csproj", "{85868C93-DF13-40DF-989C-30B1BAF9CB0B}"
EndProject
Project("{2150E333-8FDC-42A3-9474-1A3956D46DE8}") = "tests", "tests", "{0AB3BF05-4346-4AA6-1389-037BE0695223}"
EndProject
Project("{FAE04EC0-301F-11D3-BF4B-00C04F79EFBC}") = "Application.Tests", "tests\Application.Tests\Application.Tests.csproj", "{1E41D2DB-631A-467C-838C-E131F31D4FBA}"
EndProject
Project("{FAE04EC0-301F-11D3-BF4B-00C04F79EFBC}") = "AppHost", "src\AppHost\AppHost.csproj", "{333296F9-BD08-4AA6-8A2E-E901C4C27001}"
EndProject
Global
	GlobalSection(SolutionConfigurationPlatforms) = preSolution
		Debug|Any CPU = Debug|Any CPU
		Debug|x64 = Debug|x64
		Debug|x86 = Debug|x86
		Release|Any CPU = Release|Any CPU
		Release|x64 = Release|x64
		Release|x86 = Release|x86
	EndGlobalSection
	GlobalSection(ProjectConfigurationPlatforms) = postSolution
		{D5BEB0CD-FF02-40C4-862A-0B02743D252E}.Debug|Any CPU.ActiveCfg = Debug|Any CPU
		{D5BEB0CD-FF02-40C4-862A-0B02743D252E}.Debug|Any CPU.Build.0 = Debug|Any CPU
		{D5BEB0CD-FF02-40C4-862A-0B02743D252E}.Debug|x64.ActiveCfg = Debug|Any CPU
		{D5BEB0CD-FF02-40C4-862A-0B02743D252E}.Debug|x64.Build.0 = Debug|Any CPU
		{D5BEB0CD-FF02-40C4-862A-0B02743D252E}.Debug|x86.ActiveCfg = Debug|Any CPU
		{D5BEB0CD-FF02-40C4-862A-0B02743D252E}.Debug|x86.Build.0 = Debug|Any CPU
		{D5BEB0CD-FF02-40C4-862A-0B02743D252E}.Release|Any CPU.ActiveCfg = Release|Any CPU
		{D5BEB0CD-FF02-40C4-862A-0B02743D252E}.Release|Any CPU.Build.0 = Release|Any CPU
		{D5BEB0CD-FF02-40C4-862A-0B02743D252E}.Release|x64.ActiveCfg = Release|Any CPU
		{D5BEB0CD-FF02-40C4-862A-0B02743D252E}.Release|x64.Build.0 = Release|Any CPU
		{D5BEB0CD-FF02-40C4-862A-0B02743D252E}.Release|x86.ActiveCfg = Release|Any CPU
		{D5BEB0CD-FF02-40C4-862A-0B02743D252E}.Release|x86.Build.0 = Release|Any CPU
		{60893EAB-C6ED-4D5F-A6F4-5C81F44BED2E}.Debug|Any CPU.ActiveCfg = Debug|Any CPU
		{60893EAB-C6ED-4D5F-A6F4-5C81F44BED2E}.Debug|Any CPU.Build.0 = Debug|Any CPU
		{60893EAB-C6ED-4D5F-A6F4-5C81F44BED2E}.Debug|x64.ActiveCfg = Debug|Any CPU
		{60893EAB-C6ED-4D5F-A6F4-5C81F44BED2E}.Debug|x64.Build.0 = Debug|Any CPU
		{60893EAB-C6ED-4D5F-A6F4-5C81F44BED2E}.Debug|x86.ActiveCfg = Debug|Any CPU
		{60893EAB-C6ED-4D5F-A6F4-5C81F44BED2E}.Debug|x86.Build.0 = Debug|Any CPU
		{60893EAB-C6ED-4D5F-A6F4-5C81F44BED2E}.Release|Any CPU.ActiveCfg = Release|Any CPU
		{60893EAB-C6ED-4D5F-A6F4-5C81F44BED2E}.Release|Any CPU.Build.0 = Release|Any CPU
		{60893EAB-C6ED-4D5F-A6F4-5C81F44BED2E}.Release|x64.ActiveCfg = Release|Any CPU
		{60893EAB-C6ED-4D5F-A6F4-5C81F44BED2E}.Release|x64.Build.0 = Release|Any CPU
		{60893EAB-C6ED-4D5F-A6F4-5C81F44BED2E}.Release|x86.ActiveCfg = Release|Any CPU
		{60893EAB-C6ED-4D5F-A6F4-5C81F44BED2E}.Release|x86.Build.0 = Release|Any CPU
		{A59F2763-2151-4959-B164-7CB1F2374491}.Debug|Any CPU.ActiveCfg = Debug|Any CPU
		{A59F2763-2151-4959-B164-7CB1F2374491}.Debug|Any CPU.Build.0 = Debug|Any CPU
		{A59F2763-2151-4959-B164-7CB1F2374491}.Debug|x64.ActiveCfg = Debug|Any CPU
		{A59F2763-2151-4959-B164-7CB1F2374491}.Debug|x64.Build.0 = Debug|Any CPU
		{A59F2763-2151-4959-B164-7CB1F2374491}.Debug|x86.ActiveCfg = Debug|Any CPU
		{A59F2763-2151-4959-B164-7CB1F2374491}.Debug|x86.Build.0 = Debug|Any CPU
		{A59F2763-2151-4959-B164-7CB1F2374491}.Release|Any CPU.ActiveCfg = Release|Any CPU
		{A59F2763-2151-4959-B164-7CB1F2374491}.Release|Any CPU.Build.0 = Release|Any CPU
		{A59F2763-2151-4959-B164-7CB1F2374491}.Release|x64.ActiveCfg = Release|Any CPU
		{A59F2763-2151-4959-B164-7CB1F2374491}.Release|x64.Build.0 = Release|Any CPU
		{A59F2763-2151-4959-B164-7CB1F2374491}.Release|x86.ActiveCfg = Release|Any CPU
		{A59F2763-2151-4959-B164-7CB1F2374491}.Release|x86.Build.0 = Release|Any CPU
		{85868C93-DF13-40DF-989C-30B1BAF9CB0B}.Debug|Any CPU.ActiveCfg = Debug|Any CPU
		{85868C93-DF13-40DF-989C-30B1BAF9CB0B}.Debug|Any CPU.Build.0 = Debug|Any CPU
		{85868C93-DF13-40DF-989C-30B1BAF9CB0B}.Debug|x64.ActiveCfg = Debug|Any CPU
		{85868C93-DF13-40DF-989C-30B1BAF9CB0B}.Debug|x64.Build.0 = Debug|Any CPU
		{85868C93-DF13-40DF-989C-30B1BAF9CB0B}.Debug|x86.ActiveCfg = Debug|Any CPU
		{85868C93-DF13-40DF-989C-30B1BAF9CB0B}.Debug|x86.Build.0 = Debug|Any CPU
		{85868C93-DF13-40DF-989C-30B1BAF9CB0B}.Release|Any CPU.ActiveCfg = Release|Any CPU
		{85868C93-DF13-40DF-989C-30B1BAF9CB0B}.Release|Any CPU.Build.0 = Release|Any CPU
		{85868C93-DF13-40DF-989C-30B1BAF9CB0B}.Release|x64.ActiveCfg = Release|Any CPU
		{85868C93-DF13-40DF-989C-30B1BAF9CB0B}.Release|x64.Build.0 = Release|Any CPU
		{85868C93-DF13-40DF-989C-30B1BAF9CB0B}.Release|x86.ActiveCfg = Release|Any CPU
		{85868C93-DF13-40DF-989C-30B1BAF9CB0B}.Release|x86.Build.0 = Release|Any CPU
		{1E41D2DB-631A-467C-838C-E131F31D4FBA}.Debug|Any CPU.ActiveCfg = Debug|Any CPU
		{1E41D2DB-631A-467C-838C-E131F31D4FBA}.Debug|Any CPU.Build.0 = Debug|Any CPU
		{1E41D2DB-631A-467C-838C-E131F31D4FBA}.Debug|x64.ActiveCfg = Debug|Any CPU
		{1E41D2DB-631A-467C-838C-E131F31D4FBA}.Debug|x64.Build.0 = Debug|Any CPU
		{1E41D2DB-631A-467C-838C-E131F31D4FBA}.Debug|x86.ActiveCfg = Debug|Any CPU
		{1E41D2DB-631A-467C-838C-E131F31D4FBA}.Debug|x86.Build.0 = Debug|Any CPU
		{1E41D2DB-631A-467C-838C-E131F31D4FBA}.Release|Any CPU.ActiveCfg = Release|Any CPU
		{1E41D2DB-631A-467C-838C-E131F31D4FBA}.Release|Any CPU.Build.0 = Release|Any CPU
		{1E41D2DB-631A-467C-838C-E131F31D4FBA}.Release|x64.ActiveCfg = Release|Any CPU
		{1E41D2DB-631A-467C-838C-E131F31D4FBA}.Release|x64.Build.0 = Release|Any CPU
		{1E41D2DB-631A-467C-838C-E131F31D4FBA}.Release|x86.ActiveCfg = Release|Any CPU
		{1E41D2DB-631A-467C-838C-E131F31D4FBA}.Release|x86.Build.0 = Release|Any CPU
		{333296F9-BD08-4AA6-8A2E-E901C4C27001}.Debug|Any CPU.ActiveCfg = Debug|Any CPU
		{333296F9-BD08-4AA6-8A2E-E901C4C27001}.Debug|Any CPU.Build.0 = Debug|Any CPU
		{333296F9-BD08-4AA6-8A2E-E901C4C27001}.Debug|x64.ActiveCfg = Debug|Any CPU
		{333296F9-BD08-4AA6-8A2E-E901C4C27001}.Debug|x64.Build.0 = Debug|Any CPU
		{333296F9-BD08-4AA6-8A2E-E901C4C27001}.Debug|x86.ActiveCfg = Debug|Any CPU
		{333296F9-BD08-4AA6-8A2E-E901C4C27001}.Debug|x86.Build.0 = Debug|Any CPU
		{333296F9-BD08-4AA6-8A2E-E901C4C27001}.Release|Any CPU.ActiveCfg = Release|Any CPU
		{333296F9-BD08-4AA6-8A2E-E901C4C27001}.Release|Any CPU.Build.0 = Release|Any CPU
		{333296F9-BD08-4AA6-8A2E-E901C4C27001}.Release|x64.ActiveCfg = Release|Any CPU
		{333296F9-BD08-4AA6-8A2E-E901C4C27001}.Release|x64.Build.0 = Release|Any CPU
		{333296F9-BD08-4AA6-8A2E-E901C4C27001}.Release|x86.ActiveCfg = Release|Any CPU
		{333296F9-BD08-4AA6-8A2E-E901C4C27001}.Release|x86.Build.0 = Release|Any CPU
	EndGlobalSection
	GlobalSection(SolutionProperties) = preSolution
		HideSolutionNode = FALSE
	EndGlobalSection
	GlobalSection(NestedProjects) = preSolution
		{D5BEB0CD-FF02-40C4-862A-0B02743D252E} = {827E0CD3-B72D-47B6-A68D-7590B98EB39B}
		{60893EAB-C6ED-4D5F-A6F4-5C81F44BED2E} = {827E0CD3-B72D-47B6-A68D-7590B98EB39B}
		{A59F2763-2151-4959-B164-7CB1F2374491} = {827E0CD3-B72D-47B6-A68D-7590B98EB39B}
		{85868C93-DF13-40DF-989C-30B1BAF9CB0B} = {827E0CD3-B72D-47B6-A68D-7590B98EB39B}
		{1E41D2DB-631A-467C-838C-E131F31D4FBA} = {0AB3BF05-4346-4AA6-1389-037BE0695223}
		{333296F9-BD08-4AA6-8A2E-E901C4C27001} = {827E0CD3-B72D-47B6-A68D-7590B98EB39B}
	EndGlobalSection
EndGlobal
